
Microsoft Visual Studio Solution File, Format Version 12.00
# Visual Studio 15
VisualStudioVersion = 15.0.26228.9
MinimumVisualStudioVersion = 10.0.40219.1
Project("{9A19103F-16F7-4668-BE54-9A1E7A4F7556}") = "OhioMTBTrailStatus.Web", "OhioMTBTrailStatus.Web\OhioMTBTrailStatus.Web.csproj", "{9BD7E145-6564-4543-9928-9E8515A1D2D6}"
	ProjectSection(ProjectDependencies) = postProject
		{2F209E50-4D94-48A8-8C6E-10CE18A456FF} = {2F209E50-4D94-48A8-8C6E-10CE18A456FF}
	EndProjectSection
EndProject
Project("{9A19103F-16F7-4668-BE54-9A1E7A4F7556}") = "OhioMTBTrailStatus.Data", "OhioMTBTrailStatus.Data\OhioMTBTrailStatus.Data.csproj", "{2F209E50-4D94-48A8-8C6E-10CE18A456FF}"
EndProject
Global
	GlobalSection(SolutionConfigurationPlatforms) = preSolution
		Debug|Any CPU = Debug|Any CPU
		Release|Any CPU = Release|Any CPU
	EndGlobalSection
	GlobalSection(ProjectConfigurationPlatforms) = postSolution
		{9BD7E145-6564-4543-9928-9E8515A1D2D6}.Debug|Any CPU.ActiveCfg = Debug|Any CPU
		{9BD7E145-6564-4543-9928-9E8515A1D2D6}.Debug|Any CPU.Build.0 = Debug|Any CPU
		{9BD7E145-6564-4543-9928-9E8515A1D2D6}.Release|Any CPU.ActiveCfg = Release|Any CPU
		{9BD7E145-6564-4543-9928-9E8515A1D2D6}.Release|Any CPU.Build.0 = Release|Any CPU
		{2F209E50-4D94-48A8-8C6E-10CE18A456FF}.Debug|Any CPU.ActiveCfg = Debug|Any CPU
		{2F209E50-4D94-48A8-8C6E-10CE18A456FF}.Debug|Any CPU.Build.0 = Debug|Any CPU
		{2F209E50-4D94-48A8-8C6E-10CE18A456FF}.Release|Any CPU.ActiveCfg = Release|Any CPU
		{2F209E50-4D94-48A8-8C6E-10CE18A456FF}.Release|Any CPU.Build.0 = Release|Any CPU
	EndGlobalSection
	GlobalSection(SolutionProperties) = preSolution
		HideSolutionNode = FALSE
	EndGlobalSection
EndGlobal
